
Microsoft Visual Studio Solution File, Format Version 12.00
# Visual Studio Version 17
VisualStudioVersion = 17.8.34525.116
MinimumVisualStudioVersion = 10.0.40219.1
Project("{9A19103F-16F7-4668-BE54-9A1E7A4F7556}") = "BSCars2", "BSCars2\BSCars2.csproj", "{D70CF1BE-B32C-4E23-8993-8E279EE4C94B}"
EndProject
Project("{FAE04EC0-301F-11D3-BF4B-00C04F79EFBC}") = "Website", "Website\Website.csproj", "{62231B8B-BAA6-493C-86A9-DAD856C639F9}"
EndProject
Global
	GlobalSection(SolutionConfigurationPlatforms) = preSolution
		Debug|Any CPU = Debug|Any CPU
		Release|Any CPU = Release|Any CPU
	EndGlobalSection
	GlobalSection(ProjectConfigurationPlatforms) = postSolution
		{D70CF1BE-B32C-4E23-8993-8E279EE4C94B}.Debug|Any CPU.ActiveCfg = Debug|Any CPU
		{D70CF1BE-B32C-4E23-8993-8E279EE4C94B}.Debug|Any CPU.Build.0 = Debug|Any CPU
		{D70CF1BE-B32C-4E23-8993-8E279EE4C94B}.Release|Any CPU.ActiveCfg = Release|Any CPU
		{D70CF1BE-B32C-4E23-8993-8E279EE4C94B}.Release|Any CPU.Build.0 = Release|Any CPU
		{62231B8B-BAA6-493C-86A9-DAD856C639F9}.Debug|Any CPU.ActiveCfg = Debug|Any CPU
		{62231B8B-BAA6-493C-86A9-DAD856C639F9}.Debug|Any CPU.Build.0 = Debug|Any CPU
		{62231B8B-BAA6-493C-86A9-DAD856C639F9}.Release|Any CPU.ActiveCfg = Release|Any CPU
		{62231B8B-BAA6-493C-86A9-DAD856C639F9}.Release|Any CPU.Build.0 = Release|Any CPU
	EndGlobalSection
	GlobalSection(SolutionProperties) = preSolution
		HideSolutionNode = FALSE
	EndGlobalSection
	GlobalSection(ExtensibilityGlobals) = postSolution
		SolutionGuid = {5EA2ABE3-C62B-40AC-A4D8-29863AD5751E}
	EndGlobalSection
EndGlobal
